<?xml version="1.0" encoding="utf-8"?>
<Project ToolsVersion="4.0" xmlns="http://schemas.microsoft.com/developer/msbuild/2003">
  <ItemGroup>
    <ClCompile Include="main.cpp" />
    <ClCompile Include="source\MDLParser.cpp" />
    <ClCompile Include="source\VTXParser.cpp" />
    <ClCompile Include="source\VVDParser.cpp" />
  </ItemGroup>
  <ItemGroup>
    <ClInclude Include="source\Enums.h" />
    <ClInclude Include="source\FileLimits.h" />
    <ClInclude Include="source\Structs.h" />
    <ClInclude Include="MDLParser.h" />
    <ClInclude Include="shader.h" />
  </ItemGroup>
  <ItemGroup>
    <None Include="fShader.glsl" />
    <None Include="vShader.glsl" />
  </ItemGroup>
</Project>